
Microsoft Visual Studio Solution File, Format Version 12.00
# Visual Studio Version 16
VisualStudioVersion = 16.0.29009.5
MinimumVisualStudioVersion = 10.0.40219.1
Project("{FAE04EC0-301F-11D3-BF4B-00C04F79EFBC}") = "GraMonolitycznie", "GraMonolitycznie\GraMonolitycznie.csproj", "{16816C26-4A76-4EEB-AC25-B34AA4B8BFBD}"
EndProject
Project("{FAE04EC0-301F-11D3-BF4B-00C04F79EFBC}") = "GraProceduralnie", "GraProceduralnie\GraProceduralnie.csproj", "{11400604-4593-4A6B-9488-6E56D7AF3703}"
EndProject
Global
	GlobalSection(SolutionConfigurationPlatforms) = preSolution
		Debug|Any CPU = Debug|Any CPU
		Release|Any CPU = Release|Any CPU
	EndGlobalSection
	GlobalSection(ProjectConfigurationPlatforms) = postSolution
		{16816C26-4A76-4EEB-AC25-B34AA4B8BFBD}.Debug|Any CPU.ActiveCfg = Debug|Any CPU
		{16816C26-4A76-4EEB-AC25-B34AA4B8BFBD}.Debug|Any CPU.Build.0 = Debug|Any CPU
		{16816C26-4A76-4EEB-AC25-B34AA4B8BFBD}.Release|Any CPU.ActiveCfg = Release|Any CPU
		{16816C26-4A76-4EEB-AC25-B34AA4B8BFBD}.Release|Any CPU.Build.0 = Release|Any CPU
		{11400604-4593-4A6B-9488-6E56D7AF3703}.Debug|Any CPU.ActiveCfg = Debug|Any CPU
		{11400604-4593-4A6B-9488-6E56D7AF3703}.Debug|Any CPU.Build.0 = Debug|Any CPU
		{11400604-4593-4A6B-9488-6E56D7AF3703}.Release|Any CPU.ActiveCfg = Release|Any CPU
		{11400604-4593-4A6B-9488-6E56D7AF3703}.Release|Any CPU.Build.0 = Release|Any CPU
	EndGlobalSection
	GlobalSection(SolutionProperties) = preSolution
		HideSolutionNode = FALSE
	EndGlobalSection
	GlobalSection(ExtensibilityGlobals) = postSolution
		SolutionGuid = {68453149-5BF8-4DA0-BDCC-F2EC6A03E146}
	EndGlobalSection
EndGlobal
